
Microsoft Visual Studio Solution File, Format Version 12.00
# Visual Studio Version 17
VisualStudioVersion = 17.2.32630.192
MinimumVisualStudioVersion = 10.0.40219.1
Project("{9A19103F-16F7-4668-BE54-9A1E7A4F7556}") = "InicializadorAmbiente", "InicializadorAmbiente\InicializadorAmbiente.csproj", "{A86E1C6E-5415-4E91-9CCB-91AD639F69C4}"
EndProject
Global
	GlobalSection(SolutionConfigurationPlatforms) = preSolution
		Debug|Any CPU = Debug|Any CPU
		Release|Any CPU = Release|Any CPU
	EndGlobalSection
	GlobalSection(ProjectConfigurationPlatforms) = postSolution
		{A86E1C6E-5415-4E91-9CCB-91AD639F69C4}.Debug|Any CPU.ActiveCfg = Debug|Any CPU
		{A86E1C6E-5415-4E91-9CCB-91AD639F69C4}.Debug|Any CPU.Build.0 = Debug|Any CPU
		{A86E1C6E-5415-4E91-9CCB-91AD639F69C4}.Release|Any CPU.ActiveCfg = Release|Any CPU
		{A86E1C6E-5415-4E91-9CCB-91AD639F69C4}.Release|Any CPU.Build.0 = Release|Any CPU
	EndGlobalSection
	GlobalSection(SolutionProperties) = preSolution
		HideSolutionNode = FALSE
	EndGlobalSection
	GlobalSection(ExtensibilityGlobals) = postSolution
		SolutionGuid = {DE56F6FD-C7FF-42F4-A8C7-DCCABA36BD1B}
	EndGlobalSection
EndGlobal
